{
  "name": "portfolio_v2",
  "lockfileVersion": 2,
  "requires": true,
  "packages": {
    "": {
      "dependencies": {
        "@sidsbrmnn/scrollspy": "^1.0.4"
      }
    },
    "node_modules/@sidsbrmnn/scrollspy": {
      "version": "1.0.4",
      "resolved": "https://registry.npmjs.org/@sidsbrmnn/scrollspy/-/scrollspy-1.0.4.tgz",
      "integrity": "sha512-SXhR8Is1AdaY6WkrJgUOZcqKAemNB48oJ42lySNu6Gud14vjw6UBjfo+ZIzJYG66aXxUa5U95oSiN4vwr/ihIQ=="
    }
  },
  "dependencies": {
    "@sidsbrmnn/scrollspy": {
      "version": "1.0.4",
      "resolved": "https://registry.npmjs.org/@sidsbrmnn/scrollspy/-/scrollspy-1.0.4.tgz",
      "integrity": "sha512-SXhR8Is1AdaY6WkrJgUOZcqKAemNB48oJ42lySNu6Gud14vjw6UBjfo+ZIzJYG66aXxUa5U95oSiN4vwr/ihIQ=="
    }
  }
}
